
Microsoft Visual Studio Solution File, Format Version 12.00
# Visual Studio 2013
VisualStudioVersion = 12.0.40629.0
MinimumVisualStudioVersion = 10.0.40219.1
Project("{FAE04EC0-301F-11D3-BF4B-00C04F79EFBC}") = "POC.WCF", "POC.WCF\POC.WCF.csproj", "{EA597D14-A104-483E-8F51-1862057CE304}"
EndProject
Project("{FAE04EC0-301F-11D3-BF4B-00C04F79EFBC}") = "POC.FRM", "POC.FRM\POC.FRM.csproj", "{C7281762-6672-41A4-B827-1B14A1EED6C1}"
	ProjectSection(ProjectDependencies) = postProject
		{EA597D14-A104-483E-8F51-1862057CE304} = {EA597D14-A104-483E-8F51-1862057CE304}
	EndProjectSection
EndProject
Project("{FAE04EC0-301F-11D3-BF4B-00C04F79EFBC}") = "POC.DTO", "POC.DBF\POC.DTO.csproj", "{910218F0-2023-4F5B-8A13-788AB57F0A6E}"
EndProject
Project("{FAE04EC0-301F-11D3-BF4B-00C04F79EFBC}") = "PCO.JOB", "PCO.JOB\PCO.JOB.csproj", "{82D0F864-F3A8-4BB2-A8EE-54238C9A5693}"
EndProject
Global
	GlobalSection(SolutionConfigurationPlatforms) = preSolution
		Debug|Any CPU = Debug|Any CPU
		Release|Any CPU = Release|Any CPU
	EndGlobalSection
	GlobalSection(ProjectConfigurationPlatforms) = postSolution
		{EA597D14-A104-483E-8F51-1862057CE304}.Debug|Any CPU.ActiveCfg = Debug|Any CPU
		{EA597D14-A104-483E-8F51-1862057CE304}.Debug|Any CPU.Build.0 = Debug|Any CPU
		{EA597D14-A104-483E-8F51-1862057CE304}.Release|Any CPU.ActiveCfg = Release|Any CPU
		{EA597D14-A104-483E-8F51-1862057CE304}.Release|Any CPU.Build.0 = Release|Any CPU
		{C7281762-6672-41A4-B827-1B14A1EED6C1}.Debug|Any CPU.ActiveCfg = Debug|Any CPU
		{C7281762-6672-41A4-B827-1B14A1EED6C1}.Debug|Any CPU.Build.0 = Debug|Any CPU
		{C7281762-6672-41A4-B827-1B14A1EED6C1}.Release|Any CPU.ActiveCfg = Release|Any CPU
		{C7281762-6672-41A4-B827-1B14A1EED6C1}.Release|Any CPU.Build.0 = Release|Any CPU
		{910218F0-2023-4F5B-8A13-788AB57F0A6E}.Debug|Any CPU.ActiveCfg = Debug|Any CPU
		{910218F0-2023-4F5B-8A13-788AB57F0A6E}.Debug|Any CPU.Build.0 = Debug|Any CPU
		{910218F0-2023-4F5B-8A13-788AB57F0A6E}.Release|Any CPU.ActiveCfg = Release|Any CPU
		{910218F0-2023-4F5B-8A13-788AB57F0A6E}.Release|Any CPU.Build.0 = Release|Any CPU
		{82D0F864-F3A8-4BB2-A8EE-54238C9A5693}.Debug|Any CPU.ActiveCfg = Debug|Any CPU
		{82D0F864-F3A8-4BB2-A8EE-54238C9A5693}.Debug|Any CPU.Build.0 = Debug|Any CPU
		{82D0F864-F3A8-4BB2-A8EE-54238C9A5693}.Release|Any CPU.ActiveCfg = Release|Any CPU
		{82D0F864-F3A8-4BB2-A8EE-54238C9A5693}.Release|Any CPU.Build.0 = Release|Any CPU
	EndGlobalSection
	GlobalSection(SolutionProperties) = preSolution
		HideSolutionNode = FALSE
	EndGlobalSection
EndGlobal
